// !$*UTF8*$!
{
	archiveVersion = 1;
	classes = {
	};
	objectVersion = 46;
	objects = {

/* Begin PBXBuildFile section */
		D0F445BF1DA5E2EE00CB4C39 /* AppDelegate.swift in Sources */ = {isa = PBXBuildFile; fileRef = D0F445BE1DA5E2EE00CB4C39 /* AppDelegate.swift */; };
		D0F445C11DA5E2EE00CB4C39 /* FirstViewController.swift in Sources */ = {isa = PBXBuildFile; fileRef = D0F445C01DA5E2EE00CB4C39 /* FirstViewController.swift */; };
		D0F445C31DA5E2EE00CB4C39 /* SecondViewController.swift in Sources */ = {isa = PBXBuildFile; fileRef = D0F445C21DA5E2EE00CB4C39 /* SecondViewController.swift */; };
		D0F445C61DA5E2EE00CB4C39 /* Main.storyboard in Resources */ = {isa = PBXBuildFile; fileRef = D0F445C41DA5E2EE00CB4C39 /* Main.storyboard */; };
		D0F445C81DA5E2EE00CB4C39 /* Assets.xcassets in Resources */ = {isa = PBXBuildFile; fileRef = D0F445C71DA5E2EE00CB4C39 /* Assets.xcassets */; };
		D0F445CB1DA5E2EE00CB4C39 /* LaunchScreen.storyboard in Resources */ = {isa = PBXBuildFile; fileRef = D0F445C91DA5E2EE00CB4C39 /* LaunchScreen.storyboard */; };
		D0F445D61DA5E2EE00CB4C39 /* TestGithubTests.swift in Sources */ = {isa = PBXBuildFile; fileRef = D0F445D51DA5E2EE00CB4C39 /* TestGithubTests.swift */; };
		D0F445E11DA5E2EE00CB4C39 /* TestGithubUITests.swift in Sources */ = {isa = PBXBuildFile; fileRef = D0F445E01DA5E2EE00CB4C39 /* TestGithubUITests.swift */; };
		D0F445EF1DA5E61E00CB4C39 /* README.md in Sources */ = {isa = PBXBuildFile; fileRef = D0F445EE1DA5E61E00CB4C39 /* README.md */; };
/* End PBXBuildFile section */

/* Begin PBXContainerItemProxy section */
		D0F445D21DA5E2EE00CB4C39 /* PBXContainerItemProxy */ = {
			isa = PBXContainerItemProxy;
			containerPortal = D0F445B31DA5E2ED00CB4C39 /* Project object */;
			proxyType = 1;
			remoteGlobalIDString = D0F445BA1DA5E2ED00CB4C39;
			remoteInfo = TestGithub;
		};
		D0F445DD1DA5E2EE00CB4C39 /* PBXContainerItemProxy */ = {
			isa = PBXContainerItemProxy;
			containerPortal = D0F445B31DA5E2ED00CB4C39 /* Project object */;
			proxyType = 1;
			remoteGlobalIDString = D0F445BA1DA5E2ED00CB4C39;
			remoteInfo = TestGithub;
		};
/* End PBXContainerItemProxy section */

/* Begin PBXFileReference section */
		D0F445BB1DA5E2EE00CB4C39 /* TestGithub.app */ = {isa = PBXFileReference; explicitFileType = wrapper.application; includeInIndex = 0; path = TestGithub.app; sourceTree = BUILT_PRODUCTS_DIR; };
		D0F445BE1DA5E2EE00CB4C39 /* AppDelegate.swift */ = {isa = PBXFileReference; lastKnownFileType = sourcecode.swift; path = AppDelegate.swift; sourceTree = "<group>"; };
		D0F445C01DA5E2EE00CB4C39 /* FirstViewController.swift */ = {isa = PBXFileReference; lastKnownFileType = sourcecode.swift; path = FirstViewController.swift; sourceTree = "<group>"; };
		D0F445C21DA5E2EE00CB4C39 /* SecondViewController.swift */ = {isa = PBXFileReference; lastKnownFileType = sourcecode.swift; path = SecondViewController.swift; sourceTree = "<group>"; };
		D0F445C51DA5E2EE00CB4C39 /* Base */ = {isa = PBXFileReference; lastKnownFileType = file.storyboard; name = Base; path = Base.lproj/Main.storyboard; sourceTree = "<group>"; };
		D0F445C71DA5E2EE00CB4C39 /* Assets.xcassets */ = {isa = PBXFileReference; lastKnownFileType = folder.assetcatalog; path = Assets.xcassets; sourceTree = "<group>"; };
		D0F445CA1DA5E2EE00CB4C39 /* Base */ = {isa = PBXFileReference; lastKnownFileType = file.storyboard; name = Base; path = Base.lproj/LaunchScreen.storyboard; sourceTree = "<group>"; };
		D0F445CC1DA5E2EE00CB4C39 /* Info.plist */ = {isa = PBXFileReference; lastKnownFileType = text.plist.xml; path = Info.plist; sourceTree = "<group>"; };
		D0F445D11DA5E2EE00CB4C39 /* TestGithubTests.xctest */ = {isa = PBXFileReference; explicitFileType = wrapper.cfbundle; includeInIndex = 0; path = TestGithubTests.xctest; sourceTree = BUILT_PRODUCTS_DIR; };
		D0F445D51DA5E2EE00CB4C39 /* TestGithubTests.swift */ = {isa = PBXFileReference; lastKnownFileType = sourcecode.swift; path = TestGithubTests.swift; sourceTree = "<group>"; };
		D0F445D71DA5E2EE00CB4C39 /* Info.plist */ = {isa = PBXFileReference; lastKnownFileType = text.plist.xml; path = Info.plist; sourceTree = "<group>"; };
		D0F445DC1DA5E2EE00CB4C39 /* TestGithubUITests.xctest */ = {isa = PBXFileReference; explicitFileType = wrapper.cfbundle; includeInIndex = 0; path = TestGithubUITests.xctest; sourceTree = BUILT_PRODUCTS_DIR; };
		D0F445E01DA5E2EE00CB4C39 /* TestGithubUITests.swift */ = {isa = PBXFileReference; lastKnownFileType = sourcecode.swift; path = TestGithubUITests.swift; sourceTree = "<group>"; };
		D0F445E21DA5E2EE00CB4C39 /* Info.plist */ = {isa = PBXFileReference; lastKnownFileType = text.plist.xml; path = Info.plist; sourceTree = "<group>"; };
		D0F445EE1DA5E61E00CB4C39 /* README.md */ = {isa = PBXFileReference; fileEncoding = 4; lastKnownFileType = net.daringfireball.markdown; path = README.md; sourceTree = "<group>"; };
/* End PBXFileReference section */

/* Begin PBXFrameworksBuildPhase section */
		D0F445B81DA5E2ED00CB4C39 /* Frameworks */ = {
			isa = PBXFrameworksBuildPhase;
			buildActionMask = 2147483647;
			files = (
			);
			runOnlyForDeploymentPostprocessing = 0;
		};
		D0F445CE1DA5E2EE00CB4C39 /* Frameworks */ = {
			isa = PBXFrameworksBuildPhase;
			buildActionMask = 2147483647;
			files = (
			);
			runOnlyForDeploymentPostprocessing = 0;
		};
		D0F445D91DA5E2EE00CB4C39 /* Frameworks */ = {
			isa = PBXFrameworksBuildPhase;
			buildActionMask = 2147483647;
			files = (
			);
			runOnlyForDeploymentPostprocessing = 0;
		};
/* End PBXFrameworksBuildPhase section */

/* Begin PBXGroup section */
		D0F445B21DA5E2ED00CB4C39 = {
			isa = PBXGroup;
			children = (
				D0F445EE1DA5E61E00CB4C39 /* README.md */,
				D0F445BD1DA5E2EE00CB4C39 /* TestGithub */,
				D0F445D41DA5E2EE00CB4C39 /* TestGithubTests */,
				D0F445DF1DA5E2EE00CB4C39 /* TestGithubUITests */,
				D0F445BC1DA5E2EE00CB4C39 /* Products */,
			);
			sourceTree = "<group>";
		};
		D0F445BC1DA5E2EE00CB4C39 /* Products */ = {
			isa = PBXGroup;
			children = (
				D0F445BB1DA5E2EE00CB4C39 /* TestGithub.app */,
				D0F445D11DA5E2EE00CB4C39 /* TestGithubTests.xctest */,
				D0F445DC1DA5E2EE00CB4C39 /* TestGithubUITests.xctest */,
			);
			name = Products;
			sourceTree = "<group>";
		};
		D0F445BD1DA5E2EE00CB4C39 /* TestGithub */ = {
			isa = PBXGroup;
			children = (
				D0F445BE1DA5E2EE00CB4C39 /* AppDelegate.swift */,
				D0F445C01DA5E2EE00CB4C39 /* FirstViewController.swift */,
				D0F445C21DA5E2EE00CB4C39 /* SecondViewController.swift */,
				D0F445C41DA5E2EE00CB4C39 /* Main.storyboard */,
				D0F445C71DA5E2EE00CB4C39 /* Assets.xcassets */,
				D0F445C91DA5E2EE00CB4C39 /* LaunchScreen.storyboard */,
				D0F445CC1DA5E2EE00CB4C39 /* Info.plist */,
			);
			path = TestGithub;
			sourceTree = "<group>";
		};
		D0F445D41DA5E2EE00CB4C39 /* TestGithubTests */ = {
			isa = PBXGroup;
			children = (
				D0F445D51DA5E2EE00CB4C39 /* TestGithubTests.swift */,
				D0F445D71DA5E2EE00CB4C39 /* Info.plist */,
			);
			path = TestGithubTests;
			sourceTree = "<group>";
		};
		D0F445DF1DA5E2EE00CB4C39 /* TestGithubUITests */ = {
			isa = PBXGroup;
			children = (
				D0F445E01DA5E2EE00CB4C39 /* TestGithubUITests.swift */,
				D0F445E21DA5E2EE00CB4C39 /* Info.plist */,
			);
			path = TestGithubUITests;
			sourceTree = "<group>";
		};
/* End PBXGroup section */

/* Begin PBXNativeTarget section */
		D0F445BA1DA5E2ED00CB4C39 /* TestGithub */ = {
			isa = PBXNativeTarget;
			buildConfigurationList = D0F445E51DA5E2EE00CB4C39 /* Build configuration list for PBXNativeTarget "TestGithub" */;
			buildPhases = (
				D0F445B71DA5E2ED00CB4C39 /* Sources */,
				D0F445B81DA5E2ED00CB4C39 /* Frameworks */,
				D0F445B91DA5E2ED00CB4C39 /* Resources */,
			);
			buildRules = (
			);
			dependencies = (
			);
			name = TestGithub;
			productName = TestGithub;
			productReference = D0F445BB1DA5E2EE00CB4C39 /* TestGithub.app */;
			productType = "com.apple.product-type.application";
		};
		D0F445D01DA5E2EE00CB4C39 /* TestGithubTests */ = {
			isa = PBXNativeTarget;
			buildConfigurationList = D0F445E81DA5E2EE00CB4C39 /* Build configuration list for PBXNativeTarget "TestGithubTests" */;
			buildPhases = (
				D0F445CD1DA5E2EE00CB4C39 /* Sources */,
				D0F445CE1DA5E2EE00CB4C39 /* Frameworks */,
				D0F445CF1DA5E2EE00CB4C39 /* Resources */,
			);
			buildRules = (
			);
			dependencies = (
				D0F445D31DA5E2EE00CB4C39 /* PBXTargetDependency */,
			);
			name = TestGithubTests;
			productName = TestGithubTests;
			productReference = D0F445D11DA5E2EE00CB4C39 /* TestGithubTests.xctest */;
			productType = "com.apple.product-type.bundle.unit-test";
		};
		D0F445DB1DA5E2EE00CB4C39 /* TestGithubUITests */ = {
			isa = PBXNativeTarget;
			buildConfigurationList = D0F445EB1DA5E2EE00CB4C39 /* Build configuration list for PBXNativeTarget "TestGithubUITests" */;
			buildPhases = (
				D0F445D81DA5E2EE00CB4C39 /* Sources */,
				D0F445D91DA5E2EE00CB4C39 /* Frameworks */,
				D0F445DA1DA5E2EE00CB4C39 /* Resources */,
			);
			buildRules = (
			);
			dependencies = (
				D0F445DE1DA5E2EE00CB4C39 /* PBXTargetDependency */,
			);
			name = TestGithubUITests;
			productName = TestGithubUITests;
			productReference = D0F445DC1DA5E2EE00CB4C39 /* TestGithubUITests.xctest */;
			productType = "com.apple.product-type.bundle.ui-testing";
		};
/* End PBXNativeTarget section */

/* Begin PBXProject section */
		D0F445B31DA5E2ED00CB4C39 /* Project object */ = {
			isa = PBXProject;
			attributes = {
				LastSwiftUpdateCheck = 0800;
				LastUpgradeCheck = 0800;
				ORGANIZATIONNAME = "iCare.4U Pte Ltd";
				TargetAttributes = {
					D0F445BA1DA5E2ED00CB4C39 = {
						CreatedOnToolsVersion = 8.0;
						DevelopmentTeam = 653F62KTN3;
						ProvisioningStyle = Automatic;
					};
					D0F445D01DA5E2EE00CB4C39 = {
						CreatedOnToolsVersion = 8.0;
						DevelopmentTeam = 653F62KTN3;
						ProvisioningStyle = Automatic;
						TestTargetID = D0F445BA1DA5E2ED00CB4C39;
					};
					D0F445DB1DA5E2EE00CB4C39 = {
						CreatedOnToolsVersion = 8.0;
						DevelopmentTeam = 653F62KTN3;
						ProvisioningStyle = Automatic;
						TestTargetID = D0F445BA1DA5E2ED00CB4C39;
					};
				};
			};
			buildConfigurationList = D0F445B61DA5E2ED00CB4C39 /* Build configuration list for PBXProject "TestGithub" */;
			compatibilityVersion = "Xcode 3.2";
			developmentRegion = English;
			hasScannedForEncodings = 0;
			knownRegions = (
				en,
				Base,
			);
			mainGroup = D0F445B21DA5E2ED00CB4C39;
			productRefGroup = D0F445BC1DA5E2EE00CB4C39 /* Products */;
			projectDirPath = "";
			projectRoot = "";
			targets = (
				D0F445BA1DA5E2ED00CB4C39 /* TestGithub */,
				D0F445D01DA5E2EE00CB4C39 /* TestGithubTests */,
				D0F445DB1DA5E2EE00CB4C39 /* TestGithubUITests */,
			);
		};
/* End PBXProject section */

/* Begin PBXResourcesBuildPhase section */
		D0F445B91DA5E2ED00CB4C39 /* Resources */ = {
			isa = PBXResourcesBuildPhase;
			buildActionMask = 2147483647;
			files = (
				D0F445CB1DA5E2EE00CB4C39 /* LaunchScreen.storyboard in Resources */,
				D0F445C81DA5E2EE00CB4C39 /* Assets.xcassets in Resources */,
				D0F445C61DA5E2EE00CB4C39 /* Main.storyboard in Resources */,
			);
			runOnlyForDeploymentPostprocessing = 0;
		};
		D0F445CF1DA5E2EE00CB4C39 /* Resources */ = {
			isa = PBXResourcesBuildPhase;
			buildActionMask = 2147483647;
			files = (
			);
			runOnlyForDeploymentPostprocessing = 0;
		};
		D0F445DA1DA5E2EE00CB4C39 /* Resources */ = {
			isa = PBXResourcesBuildPhase;
			buildActionMask = 2147483647;
			files = (
			);
			runOnlyForDeploymentPostprocessing = 0;
		};
/* End PBXResourcesBuildPhase section */

/* Begin PBXSourcesBuildPhase section */
		D0F445B71DA5E2ED00CB4C39 /* Sources */ = {
			isa = PBXSourcesBuildPhase;
			buildActionMask = 2147483647;
			files = (
				D0F445C31DA5E2EE00CB4C39 /* SecondViewController.swift in Sources */,
				D0F445BF1DA5E2EE00CB4C39 /* AppDelegate.swift in Sources */,
				D0F445EF1DA5E61E00CB4C39 /* README.md in Sources */,
				D0F445C11DA5E2EE00CB4C39 /* FirstViewController.swift in Sources */,
			);
			runOnlyForDeploymentPostprocessing = 0;
		};
		D0F445CD1DA5E2EE00CB4C39 /* Sources */ = {
			isa = PBXSourcesBuildPhase;
			buildActionMask = 2147483647;
			files = (
				D0F445D61DA5E2EE00CB4C39 /* TestGithubTests.swift in Sources */,
			);
			runOnlyForDeploymentPostprocessing = 0;
		};
		D0F445D81DA5E2EE00CB4C39 /* Sources */ = {
			isa = PBXSourcesBuildPhase;
			buildActionMask = 2147483647;
			files = (
				D0F445E11DA5E2EE00CB4C39 /* TestGithubUITests.swift in Sources */,
			);
			runOnlyForDeploymentPostprocessing = 0;
		};
/* End PBXSourcesBuildPhase section */

/* Begin PBXTargetDependency section */
		D0F445D31DA5E2EE00CB4C39 /* PBXTargetDependency */ = {
			isa = PBXTargetDependency;
			target = D0F445BA1DA5E2ED00CB4C39 /* TestGithub */;
			targetProxy = D0F445D21DA5E2EE00CB4C39 /* PBXContainerItemProxy */;
		};
		D0F445DE1DA5E2EE00CB4C39 /* PBXTargetDependency */ = {
			isa = PBXTargetDependency;
			target = D0F445BA1DA5E2ED00CB4C39 /* TestGithub */;
			targetProxy = D0F445DD1DA5E2EE00CB4C39 /* PBXContainerItemProxy */;
		};
/* End PBXTargetDependency section */

/* Begin PBXVariantGroup section */
		D0F445C41DA5E2EE00CB4C39 /* Main.storyboard */ = {
			isa = PBXVariantGroup;
			children = (
				D0F445C51DA5E2EE00CB4C39 /* Base */,
			);
			name = Main.storyboard;
			sourceTree = "<group>";
		};
		D0F445C91DA5E2EE00CB4C39 /* LaunchScreen.storyboard */ = {
			isa = PBXVariantGroup;
			children = (
				D0F445CA1DA5E2EE00CB4C39 /* Base */,
			);
			name = LaunchScreen.storyboard;
			sourceTree = "<group>";
		};
/* End PBXVariantGroup section */

/* Begin XCBuildConfiguration section */
		D0F445E31DA5E2EE00CB4C39 /* Debug */ = {
			isa = XCBuildConfiguration;
			buildSettings = {
				ALWAYS_SEARCH_USER_PATHS = NO;
				CLANG_ANALYZER_NONNULL = YES;
				CLANG_CXX_LANGUAGE_STANDARD = "gnu++0x";
				CLANG_CXX_LIBRARY = "libc++";
				CLANG_ENABLE_MODULES = YES;
				CLANG_ENABLE_OBJC_ARC = YES;
				CLANG_WARN_BOOL_CONVERSION = YES;
				CLANG_WARN_CONSTANT_CONVERSION = YES;
				CLANG_WARN_DIRECT_OBJC_ISA_USAGE = YES_ERROR;
				CLANG_WARN_DOCUMENTATION_COMMENTS = YES;
				CLANG_WARN_EMPTY_BODY = YES;
				CLANG_WARN_ENUM_CONVERSION = YES;
				CLANG_WARN_INFINITE_RECURSION = YES;
				CLANG_WARN_INT_CONVERSION = YES;
				CLANG_WARN_OBJC_ROOT_CLASS = YES_ERROR;
				CLANG_WARN_SUSPICIOUS_MOVES = YES;
				CLANG_WARN_UNREACHABLE_CODE = YES;
				CLANG_WARN__DUPLICATE_METHOD_MATCH = YES;
				"CODE_SIGN_IDENTITY[sdk=iphoneos*]" = "iPhone Developer";
				COPY_PHASE_STRIP = NO;
				DEBUG_INFORMATION_FORMAT = dwarf;
				ENABLE_STRICT_OBJC_MSGSEND = YES;
				ENABLE_TESTABILITY = YES;
				GCC_C_LANGUAGE_STANDARD = gnu99;
				GCC_DYNAMIC_NO_PIC = NO;
				GCC_NO_COMMON_BLOCKS = YES;
				GCC_OPTIMIZATION_LEVEL = 0;
				GCC_PREPROCESSOR_DEFINITIONS = (
					"DEBUG=1",
					"$(inherited)",
				);
				GCC_WARN_64_TO_32_BIT_CONVERSION = YES;
				GCC_WARN_ABOUT_RETURN_TYPE = YES_ERROR;
				GCC_WARN_UNDECLARED_SELECTOR = YES;
				GCC_WARN_UNINITIALIZED_AUTOS = YES_AGGRESSIVE;
				GCC_WARN_UNUSED_FUNCTION = YES;
				GCC_WARN_UNUSED_VARIABLE = YES;
				IPHONEOS_DEPLOYMENT_TARGET = 10.0;
				MTL_ENABLE_DEBUG_INFO = YES;
				ONLY_ACTIVE_ARCH = YES;
				SDKROOT = iphoneos;
				SWIFT_ACTIVE_COMPILATION_CONDITIONS = DEBUG;
				SWIFT_OPTIMIZATION_LEVEL = "-Onone";
			};
			name = Debug;
		};
		D0F445E41DA5E2EE00CB4C39 /* Release */ = {
			isa = XCBuildConfiguration;
			buildSettings = {
				ALWAYS_SEARCH_USER_PATHS = NO;
				CLANG_ANALYZER_NONNULL = YES;
				CLANG_CXX_LANGUAGE_STANDARD = "gnu++0x";
				CLANG_CXX_LIBRARY = "libc++";
				CLANG_ENABLE_MODULES = YES;
				CLANG_ENABLE_OBJC_ARC = YES;
				CLANG_WARN_BOOL_CONVERSION = YES;
				CLANG_WARN_CONSTANT_CONVERSION = YES;
				CLANG_WARN_DIRECT_OBJC_ISA_USAGE = YES_ERROR;
				CLANG_WARN_DOCUMENTATION_COMMENTS = YES;
				CLANG_WARN_EMPTY_BODY = YES;
				CLANG_WARN_ENUM_CONVERSION = YES;
				CLANG_WARN_INFINITE_RECURSION = YES;
				CLANG_WARN_INT_CONVERSION = YES;
				CLANG_WARN_OBJC_ROOT_CLASS = YES_ERROR;
				CLANG_WARN_SUSPICIOUS_MOVES = YES;
				CLANG_WARN_UNREACHABLE_CODE = YES;
				CLANG_WARN__DUPLICATE_METHOD_MATCH = YES;
				"CODE_SIGN_IDENTITY[sdk=iphoneos*]" = "iPhone Developer";
				COPY_PHASE_STRIP = NO;
				DEBUG_INFORMATION_FORMAT = "dwarf-with-dsym";
				ENABLE_NS_ASSERTIONS = NO;
				ENABLE_STRICT_OBJC_MSGSEND = YES;
				GCC_C_LANGUAGE_STANDARD = gnu99;
				GCC_NO_COMMON_BLOCKS = YES;
				GCC_WARN_64_TO_32_BIT_CONVERSION = YES;
				GCC_WARN_ABOUT_RETURN_TYPE = YES_ERROR;
				GCC_WARN_UNDECLARED_SELECTOR = YES;
				GCC_WARN_UNINITIALIZED_AUTOS = YES_AGGRESSIVE;
				GCC_WARN_UNUSED_FUNCTION = YES;
				GCC_WARN_UNUSED_VARIABLE = YES;
				IPHONEOS_DEPLOYMENT_TARGET = 10.0;
				MTL_ENABLE_DEBUG_INFO = NO;
				SDKROOT = iphoneos;
				SWIFT_OPTIMIZATION_LEVEL = "-Owholemodule";
				VALIDATE_PRODUCT = YES;
			};
			name = Release;
		};
		D0F445E61DA5E2EE00CB4C39 /* Debug */ = {
			isa = XCBuildConfiguration;
			buildSettings = {
				ASSETCATALOG_COMPILER_APPICON_NAME = AppIcon;
				DEVELOPMENT_TEAM = 653F62KTN3;
				INFOPLIST_FILE = TestGithub/Info.plist;
				LD_RUNPATH_SEARCH_PATHS = "$(inherited) @executable_path/Frameworks";
				PRODUCT_BUNDLE_IDENTIFIER = com.iCare4u.TestGithub;
				PRODUCT_NAME = "$(TARGET_NAME)";
				SWIFT_VERSION = 3.0;
			};
			name = Debug;
		};
		D0F445E71DA5E2EE00CB4C39 /* Release */ = {
			isa = XCBuildConfiguration;
			buildSettings = {
				ASSETCATALOG_COMPILER_APPICON_NAME = AppIcon;
				DEVELOPMENT_TEAM = 653F62KTN3;
				INFOPLIST_FILE = TestGithub/Info.plist;
				LD_RUNPATH_SEARCH_PATHS = "$(inherited) @executable_path/Frameworks";
				PRODUCT_BUNDLE_IDENTIFIER = com.iCare4u.TestGithub;
				PRODUCT_NAME = "$(TARGET_NAME)";
				SWIFT_VERSION = 3.0;
			};
			name = Release;
		};
		D0F445E91DA5E2EE00CB4C39 /* Debug */ = {
			isa = XCBuildConfiguration;
			buildSettings = {
				ALWAYS_EMBED_SWIFT_STANDARD_LIBRARIES = YES;
				BUNDLE_LOADER = "$(TEST_HOST)";
				DEVELOPMENT_TEAM = 653F62KTN3;
				INFOPLIST_FILE = TestGithubTests/Info.plist;
				LD_RUNPATH_SEARCH_PATHS = "$(inherited) @executable_path/Frameworks @loader_path/Frameworks";
				PRODUCT_BUNDLE_IDENTIFIER = com.iCare4u.TestGithubTests;
				PRODUCT_NAME = "$(TARGET_NAME)";
				SWIFT_VERSION = 3.0;
				TEST_HOST = "$(BUILT_PRODUCTS_DIR)/TestGithub.app/TestGithub";
			};
			name = Debug;
		};
		D0F445EA1DA5E2EE00CB4C39 /* Release */ = {
			isa = XCBuildConfiguration;
			buildSettings = {
				ALWAYS_EMBED_SWIFT_STANDARD_LIBRARIES = YES;
				BUNDLE_LOADER = "$(TEST_HOST)";
				DEVELOPMENT_TEAM = 653F62KTN3;
				INFOPLIST_FILE = TestGithubTests/Info.plist;
				LD_RUNPATH_SEARCH_PATHS = "$(inherited) @executable_path/Frameworks @loader_path/Frameworks";
				PRODUCT_BUNDLE_IDENTIFIER = com.iCare4u.TestGithubTests;
				PRODUCT_NAME = "$(TARGET_NAME)";
				SWIFT_VERSION = 3.0;
				TEST_HOST = "$(BUILT_PRODUCTS_DIR)/TestGithub.app/TestGithub";
			};
			name = Release;
		};
		D0F445EC1DA5E2EE00CB4C39 /* Debug */ = {
			isa = XCBuildConfiguration;
			buildSettings = {
				ALWAYS_EMBED_SWIFT_STANDARD_LIBRARIES = YES;
				DEVELOPMENT_TEAM = 653F62KTN3;
				INFOPLIST_FILE = TestGithubUITests/Info.plist;
				LD_RUNPATH_SEARCH_PATHS = "$(inherited) @executable_path/Frameworks @loader_path/Frameworks";
				PRODUCT_BUNDLE_IDENTIFIER = com.iCare4u.TestGithubUITests;
				PRODUCT_NAME = "$(TARGET_NAME)";
				SWIFT_VERSION = 3.0;
				TEST_TARGET_NAME = TestGithub;
			};
			name = Debug;
		};
		D0F445ED1DA5E2EE00CB4C39 /* Release */ = {
			isa = XCBuildConfiguration;
			buildSettings = {
				ALWAYS_EMBED_SWIFT_STANDARD_LIBRARIES = YES;
				DEVELOPMENT_TEAM = 653F62KTN3;
				INFOPLIST_FILE = TestGithubUITests/Info.plist;
				LD_RUNPATH_SEARCH_PATHS = "$(inherited) @executable_path/Frameworks @loader_path/Frameworks";
				PRODUCT_BUNDLE_IDENTIFIER = com.iCare4u.TestGithubUITests;
				PRODUCT_NAME = "$(TARGET_NAME)";
				SWIFT_VERSION = 3.0;
				TEST_TARGET_NAME = TestGithub;
			};
			name = Release;
		};
/* End XCBuildConfiguration section */

/* Begin XCConfigurationList section */
		D0F445B61DA5E2ED00CB4C39 /* Build configuration list for PBXProject "TestGithub" */ = {
			isa = XCConfigurationList;
			buildConfigurations = (
				D0F445E31DA5E2EE00CB4C39 /* Debug */,
				D0F445E41DA5E2EE00CB4C39 /* Release */,
			);
			defaultConfigurationIsVisible = 0;
			defaultConfigurationName = Release;
		};
		D0F445E51DA5E2EE00CB4C39 /* Build configuration list for PBXNativeTarget "TestGithub" */ = {
			isa = XCConfigurationList;
			buildConfigurations = (
				D0F445E61DA5E2EE00CB4C39 /* Debug */,
				D0F445E71DA5E2EE00CB4C39 /* Release */,
			);
			defaultConfigurationIsVisible = 0;
		};
		D0F445E81DA5E2EE00CB4C39 /* Build configuration list for PBXNativeTarget "TestGithubTests" */ = {
			isa = XCConfigurationList;
			buildConfigurations = (
				D0F445E91DA5E2EE00CB4C39 /* Debug */,
				D0F445EA1DA5E2EE00CB4C39 /* Release */,
			);
			defaultConfigurationIsVisible = 0;
		};
		D0F445EB1DA5E2EE00CB4C39 /* Build configuration list for PBXNativeTarget "TestGithubUITests" */ = {
			isa = XCConfigurationList;
			buildConfigurations = (
				D0F445EC1DA5E2EE00CB4C39 /* Debug */,
				D0F445ED1DA5E2EE00CB4C39 /* Release */,
			);
			defaultConfigurationIsVisible = 0;
		};
/* End XCConfigurationList section */
	};
	rootObject = D0F445B31DA5E2ED00CB4C39 /* Project object */;
}
